
Microsoft Visual Studio Solution File, Format Version 12.00
# Visual Studio Version 16
VisualStudioVersion = 16.0.31025.194
MinimumVisualStudioVersion = 10.0.40219.1
Project("{FAE04EC0-301F-11D3-BF4B-00C04F79EFBC}") = "Bibliotheque.UI", "Bibliotheque\Bibliotheque.UI.csproj", "{C24DD887-685B-4FD5-B1A6-A574EAAF07CD}"
EndProject
Project("{FAE04EC0-301F-11D3-BF4B-00C04F79EFBC}") = "Bibliotheque.EntityFramework", "Bibliotheque.EntityFramework\Bibliotheque.EntityFramework.csproj", "{5B2F57E6-576D-4F89-A8DA-D41E95A15714}"
EndProject
Global
	GlobalSection(SolutionConfigurationPlatforms) = preSolution
		Debug|Any CPU = Debug|Any CPU
		Release|Any CPU = Release|Any CPU
	EndGlobalSection
	GlobalSection(ProjectConfigurationPlatforms) = postSolution
		{C24DD887-685B-4FD5-B1A6-A574EAAF07CD}.Debug|Any CPU.ActiveCfg = Debug|Any CPU
		{C24DD887-685B-4FD5-B1A6-A574EAAF07CD}.Debug|Any CPU.Build.0 = Debug|Any CPU
		{C24DD887-685B-4FD5-B1A6-A574EAAF07CD}.Release|Any CPU.ActiveCfg = Release|Any CPU
		{C24DD887-685B-4FD5-B1A6-A574EAAF07CD}.Release|Any CPU.Build.0 = Release|Any CPU
		{5B2F57E6-576D-4F89-A8DA-D41E95A15714}.Debug|Any CPU.ActiveCfg = Debug|Any CPU
		{5B2F57E6-576D-4F89-A8DA-D41E95A15714}.Debug|Any CPU.Build.0 = Debug|Any CPU
		{5B2F57E6-576D-4F89-A8DA-D41E95A15714}.Release|Any CPU.ActiveCfg = Release|Any CPU
		{5B2F57E6-576D-4F89-A8DA-D41E95A15714}.Release|Any CPU.Build.0 = Release|Any CPU
	EndGlobalSection
	GlobalSection(SolutionProperties) = preSolution
		HideSolutionNode = FALSE
	EndGlobalSection
	GlobalSection(ExtensibilityGlobals) = postSolution
		SolutionGuid = {4DAAA5B2-8673-4B2C-8E7D-C8E9FEA66340}
	EndGlobalSection
EndGlobal
